# generated by rye
# use `rye lock` or `rye sync` to update this lockfile
#
# last locked with the following flags:
#   pre: false
#   features: []
#   all-features: false
#   with-sources: false
#   generate-hashes: false
#   universal: false

-e file:.
absl-py==2.1.0
    # via tensorboard
affine==2.4.0
    # via rasterio
aiobotocore==2.12.3
    # via s3fs
aiohttp==3.9.5
    # via aiobotocore
    # via fsspec
    # via lightning
    # via s3fs
aioitertools==0.11.0
    # via aiobotocore
aiosignal==1.3.1
    # via aiohttp
annotated-types==0.6.0
    # via pydantic
antlr4-python3-runtime==4.9.3
    # via hydra-core
    # via omegaconf
anyio==4.3.0
    # via starlette
arrow==1.3.0
    # via lightning
async-timeout==4.0.3
    # via aiohttp
    # via redis
attrs==23.2.0
    # via aiohttp
    # via rasterio
audioread==3.0.1
    # via librosa
backoff==2.2.1
    # via lightning
beautifulsoup4==4.12.3
    # via lightning
bitsandbytes==0.41.0
    # via lightning
blessed==1.20.0
    # via inquirer
boto3==1.34.69
    # via lightning-cloud
botocore==1.34.69
    # via aiobotocore
    # via boto3
    # via s3transfer
certifi==2024.2.2
    # via netcdf4
    # via rasterio
    # via requests
cf-xarray==0.9.0
    # via batdetect2
cffi==1.16.0
    # via soundfile
cftime==1.6.3
    # via netcdf4
charset-normalizer==3.3.2
    # via requests
click==8.1.7
    # via batdetect2
    # via click-plugins
    # via cligj
    # via lightning
    # via lightning-cloud
    # via rasterio
    # via uvicorn
click-plugins==1.1.1
    # via rasterio
cligj==0.7.2
    # via rasterio
contourpy==1.1.1
    # via matplotlib
croniter==1.4.1
    # via lightning
cycler==0.12.1
    # via matplotlib
cython==3.0.10
    # via soundevent
dateutils==0.6.12
    # via lightning
decorator==5.1.1
    # via librosa
deepdiff==6.7.1
    # via lightning
dnspython==2.6.1
    # via email-validator
docker==6.1.3
    # via lightning
docstring-parser==0.16
    # via jsonargparse
editor==1.6.6
    # via inquirer
email-validator==2.1.1
    # via soundevent
exceptiongroup==1.2.1
    # via anyio
fastapi==0.110.2
    # via lightning
    # via lightning-cloud
filelock==3.13.4
    # via torch
    # via triton
fonttools==4.51.0
    # via matplotlib
frozenlist==1.4.1
    # via aiohttp
    # via aiosignal
fsspec==2023.12.2
    # via lightning
    # via lightning-fabric
    # via pytorch-lightning
    # via s3fs
    # via torch
grpcio==1.62.2
    # via tensorboard
h11==0.14.0
    # via uvicorn
hydra-core==1.3.2
    # via lightning
idna==3.7
    # via anyio
    # via email-validator
    # via requests
    # via yarl
importlib-metadata==7.1.0
    # via markdown
    # via rasterio
importlib-resources==6.4.0
    # via matplotlib
    # via typeshed-client
inquirer==3.2.4
    # via lightning
jinja2==3.1.3
    # via lightning
    # via torch
jmespath==1.0.1
    # via boto3
    # via botocore
joblib==1.4.0
    # via librosa
    # via scikit-learn
jsonargparse==4.28.0
    # via lightning
kiwisolver==1.4.5
    # via matplotlib
lazy-loader==0.4
    # via librosa
librosa==0.10.1
    # via batdetect2
lightning==2.2.2
    # via batdetect2
lightning-api-access==0.0.5
    # via lightning
lightning-cloud==0.5.65
    # via lightning
lightning-fabric==2.2.2
    # via lightning
lightning-utilities==0.11.2
    # via lightning
    # via lightning-fabric
    # via pytorch-lightning
    # via torchmetrics
llvmlite==0.41.1
    # via numba
markdown==3.6
    # via tensorboard
markdown-it-py==3.0.0
    # via rich
markupsafe==2.1.5
    # via jinja2
    # via werkzeug
matplotlib==3.7.5
    # via batdetect2
    # via lightning
    # via soundevent
mdurl==0.1.2
    # via markdown-it-py
mpmath==1.3.0
    # via sympy
msgpack==1.0.8
    # via librosa
multidict==6.0.5
    # via aiohttp
    # via yarl
netcdf4==1.6.5
    # via batdetect2
networkx==3.1
    # via torch
numba==0.58.1
    # via librosa
numpy==1.24.4
    # via batdetect2
    # via cftime
    # via contourpy
    # via librosa
    # via lightning
    # via lightning-fabric
    # via matplotlib
    # via netcdf4
    # via numba
    # via onnx
    # via pandas
    # via pytorch-lightning
    # via rasterio
    # via scikit-learn
    # via scipy
    # via shapely
    # via snuggs
    # via soxr
    # via tensorboard
    # via tensorboardx
    # via torchmetrics
    # via torchvision
    # via xarray
nvidia-cublas-cu12==12.1.3.1
    # via nvidia-cudnn-cu12
    # via nvidia-cusolver-cu12
    # via torch
nvidia-cuda-cupti-cu12==12.1.105
    # via torch
nvidia-cuda-nvrtc-cu12==12.1.105
    # via torch
nvidia-cuda-runtime-cu12==12.1.105
    # via torch
nvidia-cudnn-cu12==8.9.2.26
    # via torch
nvidia-cufft-cu12==11.0.2.54
    # via torch
nvidia-curand-cu12==10.3.2.106
    # via torch
nvidia-cusolver-cu12==11.4.5.107
    # via torch
nvidia-cusparse-cu12==12.1.0.106
    # via nvidia-cusolver-cu12
    # via torch
nvidia-nccl-cu12==2.19.3
    # via torch
nvidia-nvjitlink-cu12==12.4.127
    # via nvidia-cusolver-cu12
    # via nvidia-cusparse-cu12
nvidia-nvtx-cu12==12.1.105
    # via torch
omegaconf==2.3.0
    # via hydra-core
    # via lightning
onnx==1.16.0
    # via batdetect2
ordered-set==4.1.0
    # via deepdiff
packaging==24.0
    # via docker
    # via hydra-core
    # via lazy-loader
    # via lightning
    # via lightning-fabric
    # via lightning-utilities
    # via matplotlib
    # via pooch
    # via pytorch-lightning
    # via tensorboardx
    # via torchmetrics
    # via xarray
pandas==2.0.3
    # via batdetect2
    # via xarray
pillow==10.3.0
    # via matplotlib
    # via torchvision
platformdirs==4.2.0
    # via pooch
pooch==1.8.1
    # via librosa
protobuf==5.26.1
    # via onnx
    # via tensorboard
    # via tensorboardx
psutil==5.9.8
    # via lightning
pycparser==2.22
    # via cffi
pydantic==2.7.0
    # via fastapi
    # via lightning
    # via soundevent
pydantic-core==2.18.1
    # via pydantic
pygments==2.17.2
    # via rich
pyjwt==2.8.0
    # via lightning-cloud
pyparsing==3.1.2
    # via matplotlib
    # via snuggs
python-dateutil==2.9.0.post0
    # via arrow
    # via botocore
    # via croniter
    # via dateutils
    # via matplotlib
    # via pandas
python-multipart==0.0.9
    # via lightning
    # via lightning-cloud
pytorch-lightning==2.2.2
    # via batdetect2
    # via lightning
pytz==2024.1
    # via dateutils
    # via pandas
pyyaml==6.0.1
    # via jsonargparse
    # via lightning
    # via omegaconf
    # via pytorch-lightning
rasterio==1.3.10
    # via soundevent
readchar==4.0.6
    # via inquirer
redis==5.0.4
    # via lightning
requests==2.31.0
    # via docker
    # via fsspec
    # via lightning
    # via lightning-cloud
    # via pooch
rich==13.7.1
    # via lightning
    # via lightning-cloud
runs==1.2.2
    # via editor
s3fs==2023.12.2
    # via lightning
s3transfer==0.10.1
    # via boto3
scikit-learn==1.3.2
    # via batdetect2
    # via librosa
scipy==1.10.1
    # via batdetect2
    # via librosa
    # via scikit-learn
    # via soundevent
setuptools==69.5.1
    # via lightning-utilities
    # via rasterio
    # via readchar
    # via tensorboard
shapely==2.0.3
    # via soundevent
six==1.16.0
    # via blessed
    # via lightning-cloud
    # via python-dateutil
    # via tensorboard
sniffio==1.3.1
    # via anyio
snuggs==1.4.7
    # via rasterio
soundevent==2.0.1
    # via batdetect2
soundfile==0.12.1
    # via librosa
    # via soundevent
soupsieve==2.5
    # via beautifulsoup4
soxr==0.3.7
    # via librosa
starlette==0.37.2
    # via fastapi
    # via lightning
sympy==1.12
    # via torch
tensorboard==2.16.2
    # via batdetect2
tensorboard-data-server==0.7.2
    # via tensorboard
tensorboardx==2.6.2.2
    # via lightning
threadpoolctl==3.4.0
    # via scikit-learn
torch==2.2.2
    # via batdetect2
    # via lightning
    # via lightning-fabric
    # via pytorch-lightning
    # via torchaudio
    # via torchmetrics
    # via torchvision
torchaudio==2.2.2
    # via batdetect2
torchmetrics==1.3.2
    # via lightning
    # via pytorch-lightning
torchvision==0.17.2
    # via batdetect2
tqdm==4.66.2
    # via batdetect2
    # via lightning
    # via pytorch-lightning
traitlets==5.14.3
    # via lightning
triton==2.2.0
    # via torch
types-python-dateutil==2.9.0.20240316
    # via arrow
typeshed-client==2.5.1
    # via jsonargparse
typing-extensions==4.11.0
    # via aioitertools
    # via anyio
    # via fastapi
    # via jsonargparse
    # via librosa
    # via lightning
    # via lightning-fabric
    # via lightning-utilities
    # via pydantic
    # via pydantic-core
    # via pytorch-lightning
    # via starlette
    # via torch
    # via typeshed-client
    # via uvicorn
tzdata==2024.1
    # via pandas
urllib3==1.26.18
    # via botocore
    # via docker
    # via lightning
    # via lightning-cloud
    # via requests
uvicorn==0.29.0
    # via lightning
    # via lightning-cloud
wcwidth==0.2.13
    # via blessed
websocket-client==1.7.0
    # via docker
    # via lightning
    # via lightning-cloud
websockets==11.0.3
    # via lightning
werkzeug==3.0.2
    # via tensorboard
wrapt==1.16.0
    # via aiobotocore
xarray==2023.1.0
    # via cf-xarray
    # via soundevent
xmod==1.8.1
    # via editor
    # via runs
yarl==1.9.4
    # via aiohttp
zipp==3.18.1
    # via importlib-metadata
    # via importlib-resources
